
Microsoft Visual Studio Solution File, Format Version 11.00
# Visual Studio 2010
Project("{FAE04EC0-301F-11D3-BF4B-00C04F79EFBC}") = "Assembly-CSharp", "Assembly-CSharp.csproj", "{DF47CE82-49D0-6454-A147-BA1226BE03BA}"
EndProject
Project("{FAE04EC0-301F-11D3-BF4B-00C04F79EFBC}") = "Assembly-CSharp-firstpass", "Assembly-CSharp-firstpass.csproj", "{7BE3639C-9F10-7EDC-2D6E-C836811292BC}"
EndProject
Project("{FAE04EC0-301F-11D3-BF4B-00C04F79EFBC}") = "Assembly-CSharp-Editor-firstpass", "Assembly-CSharp-Editor-firstpass.csproj", "{EDF0AA04-8434-C811-DA77-99F3A4A90C67}"
EndProject
Global
	GlobalSection(SolutionConfigurationPlatforms) = preSolution
		Debug|Any CPU = Debug|Any CPU
		Release|Any CPU = Release|Any CPU
	EndGlobalSection
	GlobalSection(ProjectConfigurationPlatforms) = postSolution
		{DF47CE82-49D0-6454-A147-BA1226BE03BA}.Debug|Any CPU.ActiveCfg = Debug|Any CPU
		{DF47CE82-49D0-6454-A147-BA1226BE03BA}.Debug|Any CPU.Build.0 = Debug|Any CPU
		{DF47CE82-49D0-6454-A147-BA1226BE03BA}.Release|Any CPU.ActiveCfg = Release|Any CPU
		{DF47CE82-49D0-6454-A147-BA1226BE03BA}.Release|Any CPU.Build.0 = Release|Any CPU
		{7BE3639C-9F10-7EDC-2D6E-C836811292BC}.Debug|Any CPU.ActiveCfg = Debug|Any CPU
		{7BE3639C-9F10-7EDC-2D6E-C836811292BC}.Debug|Any CPU.Build.0 = Debug|Any CPU
		{7BE3639C-9F10-7EDC-2D6E-C836811292BC}.Release|Any CPU.ActiveCfg = Release|Any CPU
		{7BE3639C-9F10-7EDC-2D6E-C836811292BC}.Release|Any CPU.Build.0 = Release|Any CPU
		{EDF0AA04-8434-C811-DA77-99F3A4A90C67}.Debug|Any CPU.ActiveCfg = Debug|Any CPU
		{EDF0AA04-8434-C811-DA77-99F3A4A90C67}.Debug|Any CPU.Build.0 = Debug|Any CPU
		{EDF0AA04-8434-C811-DA77-99F3A4A90C67}.Release|Any CPU.ActiveCfg = Release|Any CPU
		{EDF0AA04-8434-C811-DA77-99F3A4A90C67}.Release|Any CPU.Build.0 = Release|Any CPU
	EndGlobalSection
	GlobalSection(SolutionProperties) = preSolution
		HideSolutionNode = FALSE
	EndGlobalSection
	GlobalSection(MonoDevelopProperties) = preSolution
		StartupItem = Assembly-CSharp.csproj
	EndGlobalSection
EndGlobal
